
Microsoft Visual Studio Solution File, Format Version 12.00
# Visual Studio Version 17
VisualStudioVersion = 17.1.32421.90
MinimumVisualStudioVersion = 10.0.40219.1
Project("{8BC9CEB8-8B4A-11D0-8D11-00A0C91BC942}") = "Biblioteca_Lab13-14_OOP", "Biblioteca_Lab13-14_OOP\Biblioteca_Lab13-14_OOP.vcxproj", "{F210B1BD-5EFC-4948-AC67-324F379EB515}"
EndProject
Global
	GlobalSection(SolutionConfigurationPlatforms) = preSolution
		Debug|x64 = Debug|x64
		Release|x64 = Release|x64
	EndGlobalSection
	GlobalSection(ProjectConfigurationPlatforms) = postSolution
		{F210B1BD-5EFC-4948-AC67-324F379EB515}.Debug|x64.ActiveCfg = Debug|x64
		{F210B1BD-5EFC-4948-AC67-324F379EB515}.Debug|x64.Build.0 = Debug|x64
		{F210B1BD-5EFC-4948-AC67-324F379EB515}.Release|x64.ActiveCfg = Release|x64
		{F210B1BD-5EFC-4948-AC67-324F379EB515}.Release|x64.Build.0 = Release|x64
	EndGlobalSection
	GlobalSection(SolutionProperties) = preSolution
		HideSolutionNode = FALSE
	EndGlobalSection
	GlobalSection(ExtensibilityGlobals) = postSolution
		SolutionGuid = {F78C1307-3196-4D84-B6B3-D98EDCF25C2E}
	EndGlobalSection
EndGlobal
