<?xml version="1.0" encoding="utf-8"?>
<Project ToolsVersion="4.0" xmlns="http://schemas.microsoft.com/developer/msbuild/2003">
  <ItemGroup>
    <ClCompile Include="main.cpp">
      <Filter>Source Files</Filter>
    </ClCompile>
    <ClCompile Include="Biblioteca_Lab1314_OOP.cpp">
      <Filter>Source Files</Filter>
    </ClCompile>
    <ClCompile Include="BasketGUI.cpp">
      <Filter>Source Files</Filter>
    </ClCompile>
    <ClCompile Include="biblioteca.cpp">
      <Filter>Source Files</Filter>
    </ClCompile>
    <ClCompile Include="carte.cpp">
      <Filter>Source Files</Filter>
    </ClCompile>
    <ClCompile Include="carte_repo.cpp">
      <Filter>Source Files</Filter>
    </ClCompile>
    <ClCompile Include="CarteStoreGUI.cpp">
      <Filter>Source Files</Filter>
    </ClCompile>
    <ClCompile Include="console.cpp">
      <Filter>Source Files</Filter>
    </ClCompile>
    <ClCompile Include="cos_inchirieri.cpp">
      <Filter>Source Files</Filter>
    </ClCompile>
    <ClCompile Include="validator.cpp">
      <Filter>Source Files</Filter>
    </ClCompile>
    <ClCompile Include="CarteGUIModele.cpp">
      <Filter>Source Files</Filter>
    </ClCompile>
  </ItemGroup>
  <ItemGroup>
    <Filter Include="Header Files">
      <UniqueIdentifier>{6a0f8d59-9117-4a4d-aae3-ac1fefe461de}</UniqueIdentifier>
    </Filter>
    <Filter Include="Resource Files">
      <UniqueIdentifier>{ceea82b9-3f68-40fa-9974-5da9f52f5b90}</UniqueIdentifier>
    </Filter>
    <Filter Include="Source Files">
      <UniqueIdentifier>{0e81ff84-b602-4cfe-8a4d-baed4cd8574d}</UniqueIdentifier>
    </Filter>
    <Filter Include="Form Files">
      <UniqueIdentifier>{1f50b5b2-abaa-4cf9-bde3-e93d940c3e75}</UniqueIdentifier>
    </Filter>
  </ItemGroup>
  <ItemGroup>
    <ClInclude Include="carte.h">
      <Filter>Header Files</Filter>
    </ClInclude>
    <ClInclude Include="cos_inchirieri.h">
      <Filter>Header Files</Filter>
    </ClInclude>
    <ClInclude Include="validator.h">
      <Filter>Header Files</Filter>
    </ClInclude>
    <ClInclude Include="carte_repo.h">
      <Filter>Header Files</Filter>
    </ClInclude>
    <ClInclude Include="biblioteca.h">
      <Filter>Header Files</Filter>
    </ClInclude>
    <ClInclude Include="console.h">
      <Filter>Header Files</Filter>
    </ClInclude>
    <ClInclude Include="undo.h">
      <Filter>Header Files</Filter>
    </ClInclude>
    <ClInclude Include="BasketGUI.h">
      <Filter>Header Files</Filter>
    </ClInclude>
    <ClInclude Include="CarteStoreGUI.h">
      <Filter>Header Files</Filter>
    </ClInclude>
    <ClInclude Include="Observer.h">
      <Filter>Header Files</Filter>
    </ClInclude>
    <ClInclude Include="MyListModel.h">
      <Filter>Header Files</Filter>
    </ClInclude>
    <ClInclude Include="MyTableModel.h">
      <Filter>Header Files</Filter>
    </ClInclude>
    <ClInclude Include="CarteGUIModele.h">
      <Filter>Header Files</Filter>
    </ClInclude>
  </ItemGroup>
  <ItemGroup>
    <QtMoc Include="Biblioteca_Lab1314_OOP.h">
      <Filter>Header Files</Filter>
    </QtMoc>
  </ItemGroup>
  <ItemGroup>
    <QtRcc Include="Biblioteca_Lab1314_OOP.qrc">
      <Filter>Resource Files</Filter>
    </QtRcc>
  </ItemGroup>
  <ItemGroup>
    <None Include="basket.cvs">
      <Filter>Resource Files</Filter>
    </None>
  </ItemGroup>
  <ItemGroup>
    <Text Include="books.txt">
      <Filter>Resource Files</Filter>
    </Text>
  </ItemGroup>
  <ItemGroup>
    <QtUic Include="Biblioteca_Lab1314_OOP.ui">
      <Filter>Form Files</Filter>
    </QtUic>
  </ItemGroup>
  <ItemGroup>
    <Image Include="book1.jpg">
      <Filter>Resource Files</Filter>
    </Image>
  </ItemGroup>
</Project>